Microsoft Visual Studio Solution File, Format Version 12.00
# Visual Studio Version 17
VisualStudioVersion = 17.5.2.0
MinimumVisualStudioVersion = 10.0.40219.1
Project("{FAE04EC0-301F-11D3-BF4B-00C04F79EFBC}") = "PTManagementSystem", "user\PTManagementSystem.csproj", "{645A2EB2-774C-3FB1-E638-6444A3939E2B}"
EndProject
Project("{FAE04EC0-301F-11D3-BF4B-00C04F79EFBC}") = "User.Tests", "user\User.Tests\User.Tests.csproj", "{7A8B2EB2-774C-3FB1-E638-6444A3939E2C}"
EndProject
Global
	GlobalSection(SolutionConfigurationPlatforms) = preSolution
		Debug|Any CPU = Debug|Any CPU
		Release|Any CPU = Release|Any CPU
	EndGlobalSection
	GlobalSection(ProjectConfigurationPlatforms) = postSolution
		{645A2EB2-774C-3FB1-E638-6444A3939E2B}.Debug|Any CPU.ActiveCfg = Debug|Any CPU
		{645A2EB2-774C-3FB1-E638-6444A3939E2B}.Debug|Any CPU.Build.0 = Debug|Any CPU
		{645A2EB2-774C-3FB1-E638-6444A3939E2B}.Release|Any CPU.ActiveCfg = Release|Any CPU
		{645A2EB2-774C-3FB1-E638-6444A3939E2B}.Release|Any CPU.Build.0 = Release|Any CPU
		{7A8B2EB2-774C-3FB1-E638-6444A3939E2C}.Debug|Any CPU.ActiveCfg = Debug|Any CPU
		{7A8B2EB2-774C-3FB1-E638-6444A3939E2C}.Debug|Any CPU.Build.0 = Debug|Any CPU
		{7A8B2EB2-774C-3FB1-E638-6444A3939E2C}.Release|Any CPU.ActiveCfg = Release|Any CPU
		{7A8B2EB2-774C-3FB1-E638-6444A3939E2C}.Release|Any CPU.Build.0 = Release|Any CPU
	EndGlobalSection
	GlobalSection(SolutionProperties) = preSolution
		HideSolutionNode = FALSE
	EndGlobalSection
	GlobalSection(ExtensibilityGlobals) = postSolution
		SolutionGuid = {249CCE44-E5B0-4736-A9BF-34B9748E7020}
	EndGlobalSection
EndGlobal
